
Microsoft Visual Studio Solution File, Format Version 12.00
# Visual Studio Version 16
VisualStudioVersion = 16.0.30907.101
MinimumVisualStudioVersion = 10.0.40219.1
Project("{FAE04EC0-301F-11D3-BF4B-00C04F79EFBC}") = "MVCdbdemo", "MVCdbdemo.csproj", "{BF63ADCE-E595-4F86-A8DA-247737298A28}"
EndProject
Global
	GlobalSection(SolutionConfigurationPlatforms) = preSolution
		Debug|Any CPU = Debug|Any CPU
		Release|Any CPU = Release|Any CPU
	EndGlobalSection
	GlobalSection(ProjectConfigurationPlatforms) = postSolution
		{BF63ADCE-E595-4F86-A8DA-247737298A28}.Debug|Any CPU.ActiveCfg = Debug|Any CPU
		{BF63ADCE-E595-4F86-A8DA-247737298A28}.Debug|Any CPU.Build.0 = Debug|Any CPU
		{BF63ADCE-E595-4F86-A8DA-247737298A28}.Release|Any CPU.ActiveCfg = Release|Any CPU
		{BF63ADCE-E595-4F86-A8DA-247737298A28}.Release|Any CPU.Build.0 = Release|Any CPU
	EndGlobalSection
	GlobalSection(SolutionProperties) = preSolution
		HideSolutionNode = FALSE
	EndGlobalSection
	GlobalSection(ExtensibilityGlobals) = postSolution
		SolutionGuid = {FAD8F6E3-9B32-40E0-8193-A575775A98EB}
	EndGlobalSection
EndGlobal
